
Microsoft Visual Studio Solution File, Format Version 12.00
# Visual Studio Version 17
VisualStudioVersion = 17.12.35728.132
MinimumVisualStudioVersion = 10.0.40219.1
Project("{2150E333-8FDC-42A3-9474-1A3956D46DE8}") = "Web", "Web", "{AE7CC792-3BF2-4314-8BA4-993C2FD42CA1}"
EndProject
Project("{2150E333-8FDC-42A3-9474-1A3956D46DE8}") = "Infrastructure", "Infrastructure", "{DF338D3A-4292-439F-A3D0-A7B8B103EF5C}"
EndProject
Project("{2150E333-8FDC-42A3-9474-1A3956D46DE8}") = "Core", "Core", "{0B7968F2-7703-4E78-91FE-8F484A609CD4}"
EndProject
Project("{FAE04EC0-301F-11D3-BF4B-00C04F79EFBC}") = "Infrastructure.Data", "Infrastructure\Infrastructure.Data\Infrastructure.Data.csproj", "{D76B100C-7978-4AB5-870D-E0713D0F13C7}"
EndProject
Project("{FAE04EC0-301F-11D3-BF4B-00C04F79EFBC}") = "Infrastructure.Service", "Infrastructure\Infrastructure.Service\Infrastructure.Service.csproj", "{A46B4246-36ED-4CC9-BCF1-568FC7379D79}"
EndProject
Project("{FAE04EC0-301F-11D3-BF4B-00C04F79EFBC}") = "NexaShopify.Core.Common", "Core\NexaShopify.Core.Common\NexaShopify.Core.Common.csproj", "{62AB7345-AAC8-44F9-80E4-8F03A1BDE0B8}"
EndProject
Project("{FAE04EC0-301F-11D3-BF4B-00C04F79EFBC}") = "NexaShopify.Core.SharedKernel", "Core\NexaShopify.Core.SharedKernel\NexaShopify.Core.SharedKernel.csproj", "{38336A95-3022-4807-8039-081311705EFD}"
EndProject
Project("{FAE04EC0-301F-11D3-BF4B-00C04F79EFBC}") = "NexaShopify.Core.Shop", "Core\NexaShopify.Core.Shop\NexaShopify.Core.Shop.csproj", "{01F0C3FE-FE01-4FBB-A095-FCA026F4639B}"
EndProject
Project("{FAE04EC0-301F-11D3-BF4B-00C04F79EFBC}") = "NexaShopify.API", "NexaShopify.API\NexaShopify.API.csproj", "{E2DE11CA-C63A-4595-ADB2-61B6EF39459A}"
EndProject
Global
	GlobalSection(SolutionConfigurationPlatforms) = preSolution
		Debug|Any CPU = Debug|Any CPU
		Release|Any CPU = Release|Any CPU
	EndGlobalSection
	GlobalSection(ProjectConfigurationPlatforms) = postSolution
		{D76B100C-7978-4AB5-870D-E0713D0F13C7}.Debug|Any CPU.ActiveCfg = Debug|Any CPU
		{D76B100C-7978-4AB5-870D-E0713D0F13C7}.Debug|Any CPU.Build.0 = Debug|Any CPU
		{D76B100C-7978-4AB5-870D-E0713D0F13C7}.Release|Any CPU.ActiveCfg = Release|Any CPU
		{D76B100C-7978-4AB5-870D-E0713D0F13C7}.Release|Any CPU.Build.0 = Release|Any CPU
		{A46B4246-36ED-4CC9-BCF1-568FC7379D79}.Debug|Any CPU.ActiveCfg = Debug|Any CPU
		{A46B4246-36ED-4CC9-BCF1-568FC7379D79}.Debug|Any CPU.Build.0 = Debug|Any CPU
		{A46B4246-36ED-4CC9-BCF1-568FC7379D79}.Release|Any CPU.ActiveCfg = Release|Any CPU
		{A46B4246-36ED-4CC9-BCF1-568FC7379D79}.Release|Any CPU.Build.0 = Release|Any CPU
		{62AB7345-AAC8-44F9-80E4-8F03A1BDE0B8}.Debug|Any CPU.ActiveCfg = Debug|Any CPU
		{62AB7345-AAC8-44F9-80E4-8F03A1BDE0B8}.Debug|Any CPU.Build.0 = Debug|Any CPU
		{62AB7345-AAC8-44F9-80E4-8F03A1BDE0B8}.Release|Any CPU.ActiveCfg = Release|Any CPU
		{62AB7345-AAC8-44F9-80E4-8F03A1BDE0B8}.Release|Any CPU.Build.0 = Release|Any CPU
		{38336A95-3022-4807-8039-081311705EFD}.Debug|Any CPU.ActiveCfg = Debug|Any CPU
		{38336A95-3022-4807-8039-081311705EFD}.Debug|Any CPU.Build.0 = Debug|Any CPU
		{38336A95-3022-4807-8039-081311705EFD}.Release|Any CPU.ActiveCfg = Release|Any CPU
		{38336A95-3022-4807-8039-081311705EFD}.Release|Any CPU.Build.0 = Release|Any CPU
		{01F0C3FE-FE01-4FBB-A095-FCA026F4639B}.Debug|Any CPU.ActiveCfg = Debug|Any CPU
		{01F0C3FE-FE01-4FBB-A095-FCA026F4639B}.Debug|Any CPU.Build.0 = Debug|Any CPU
		{01F0C3FE-FE01-4FBB-A095-FCA026F4639B}.Release|Any CPU.ActiveCfg = Release|Any CPU
		{01F0C3FE-FE01-4FBB-A095-FCA026F4639B}.Release|Any CPU.Build.0 = Release|Any CPU
		{E2DE11CA-C63A-4595-ADB2-61B6EF39459A}.Debug|Any CPU.ActiveCfg = Debug|Any CPU
		{E2DE11CA-C63A-4595-ADB2-61B6EF39459A}.Debug|Any CPU.Build.0 = Debug|Any CPU
		{E2DE11CA-C63A-4595-ADB2-61B6EF39459A}.Release|Any CPU.ActiveCfg = Release|Any CPU
		{E2DE11CA-C63A-4595-ADB2-61B6EF39459A}.Release|Any CPU.Build.0 = Release|Any CPU
	EndGlobalSection
	GlobalSection(SolutionProperties) = preSolution
		HideSolutionNode = FALSE
	EndGlobalSection
	GlobalSection(NestedProjects) = preSolution
		{D76B100C-7978-4AB5-870D-E0713D0F13C7} = {DF338D3A-4292-439F-A3D0-A7B8B103EF5C}
		{A46B4246-36ED-4CC9-BCF1-568FC7379D79} = {DF338D3A-4292-439F-A3D0-A7B8B103EF5C}
		{62AB7345-AAC8-44F9-80E4-8F03A1BDE0B8} = {0B7968F2-7703-4E78-91FE-8F484A609CD4}
		{38336A95-3022-4807-8039-081311705EFD} = {0B7968F2-7703-4E78-91FE-8F484A609CD4}
		{01F0C3FE-FE01-4FBB-A095-FCA026F4639B} = {0B7968F2-7703-4E78-91FE-8F484A609CD4}
	EndGlobalSection
EndGlobal
